Microsoft Visual Studio Solution File, Format Version 11.00
# Visual Studio 2008

Project("{23F89474-A91F-9E6F-8FBC-D964ED5CEB0E}") = "manylittlebottles", "Assembly-CSharp-firstpass.csproj", "{8D9D0876-A609-7E05-DFCD-2ECF6D9D8886}"
EndProject
Project("{23F89474-A91F-9E6F-8FBC-D964ED5CEB0E}") = "manylittlebottles", "Assembly-CSharp.csproj", "{031E1452-AFE3-E89C-23C1-3199FC9B86B1}"
EndProject
Project("{23F89474-A91F-9E6F-8FBC-D964ED5CEB0E}") = "manylittlebottles", "Assembly-CSharp-Editor.csproj", "{36B5B7B2-FD7C-2DBB-4D17-6518FE268D01}"
EndProject
Global
	GlobalSection(SolutionConfigurationPlatforms) = preSolution
		Debug|Any CPU = Debug|Any CPU
		Release|Any CPU = Release|Any CPU
	EndGlobalSection
	GlobalSection(ProjectConfigurationPlatforms) = postSolution
		{8D9D0876-A609-7E05-DFCD-2ECF6D9D8886}.Debug|Any CPU.ActiveCfg = Debug|Any CPU
		{8D9D0876-A609-7E05-DFCD-2ECF6D9D8886}.Debug|Any CPU.Build.0 = Debug|Any CPU
		{8D9D0876-A609-7E05-DFCD-2ECF6D9D8886}.Release|Any CPU.ActiveCfg = Release|Any CPU
		{8D9D0876-A609-7E05-DFCD-2ECF6D9D8886}.Release|Any CPU.Build.0 = Release|Any CPU
		{031E1452-AFE3-E89C-23C1-3199FC9B86B1}.Debug|Any CPU.ActiveCfg = Debug|Any CPU
		{031E1452-AFE3-E89C-23C1-3199FC9B86B1}.Debug|Any CPU.Build.0 = Debug|Any CPU
		{031E1452-AFE3-E89C-23C1-3199FC9B86B1}.Release|Any CPU.ActiveCfg = Release|Any CPU
		{031E1452-AFE3-E89C-23C1-3199FC9B86B1}.Release|Any CPU.Build.0 = Release|Any CPU
		{36B5B7B2-FD7C-2DBB-4D17-6518FE268D01}.Debug|Any CPU.ActiveCfg = Debug|Any CPU
		{36B5B7B2-FD7C-2DBB-4D17-6518FE268D01}.Debug|Any CPU.Build.0 = Debug|Any CPU
		{36B5B7B2-FD7C-2DBB-4D17-6518FE268D01}.Release|Any CPU.ActiveCfg = Release|Any CPU
		{36B5B7B2-FD7C-2DBB-4D17-6518FE268D01}.Release|Any CPU.Build.0 = Release|Any CPU
	EndGlobalSection
	GlobalSection(SolutionProperties) = preSolution
		HideSolutionNode = FALSE
	EndGlobalSection
	GlobalSection(MonoDevelopProperties) = preSolution
		StartupItem = Assembly-CSharp.csproj
	EndGlobalSection
EndGlobal
